<?xml version="1.0" encoding="utf-8"?>
<Project ToolsVersion="4.0" xmlns="http://schemas.microsoft.com/developer/msbuild/2003">
  <ItemGroup>
    <Filter Include="App">
      <UniqueIdentifier>{87d38160-2440-450b-9d62-c72bf6ec96d2}</UniqueIdentifier>
    </Filter>
    <Filter Include="GameEngine">
      <UniqueIdentifier>{29efa578-1711-4f0c-b3a8-9d34cc8109ff}</UniqueIdentifier>
    </Filter>
    <Filter Include="GameEngine\WindowingSystem">
      <UniqueIdentifier>{3f3cfa23-2329-47c5-81dc-9d2e4bd96f70}</UniqueIdentifier>
    </Filter>
    <Filter Include="GameEngine\GraphicsEngine">
      <UniqueIdentifier>{0c679211-7765-4136-93b5-603448ab9467}</UniqueIdentifier>
    </Filter>
    <Filter Include="GameEngine\GraphicsEngine\RenderSystem\DeviceContext">
      <UniqueIdentifier>{77c3ea26-9adc-4560-987e-666581e59d70}</UniqueIdentifier>
    </Filter>
    <Filter Include="GameEngine\GraphicsEngine\RenderSystem\SwapChain">
      <UniqueIdentifier>{79370d1e-1200-4a03-a507-18e53dbe1b53}</UniqueIdentifier>
    </Filter>
    <Filter Include="GameEngine\GraphicsEngine\RenderSystem\VertexBuffer">
      <UniqueIdentifier>{08e287fe-2d2f-4493-a069-ba13441c174d}</UniqueIdentifier>
    </Filter>
    <Filter Include="GameEngine\GraphicsEngine\RenderSystem\VertexShader">
      <UniqueIdentifier>{2984d52f-0096-411d-b257-91e6b3815cfa}</UniqueIdentifier>
    </Filter>
    <Filter Include="GameEngine\GraphicsEngine\RenderSystem\PixelShader">
      <UniqueIdentifier>{97e2aaf7-ae03-4693-8464-804bfba999e1}</UniqueIdentifier>
    </Filter>
    <Filter Include="GameEngine\GraphicsEngine\RenderSystem\ConstantBuffer">
      <UniqueIdentifier>{63c5930c-2a05-4193-a94e-01bab39da3d8}</UniqueIdentifier>
    </Filter>
    <Filter Include="GameEngine\Math">
      <UniqueIdentifier>{5bebb8a3-c48f-42dc-a333-0a9c6a3b3a0c}</UniqueIdentifier>
    </Filter>
    <Filter Include="GameEngine\GraphicsEngine\RenderSystem\IndexBuffer">
      <UniqueIdentifier>{66e45ad7-d800-4c52-b7aa-8c836a2e97b6}</UniqueIdentifier>
    </Filter>
    <Filter Include="GameEngine\GameObject\Primitives">
      <UniqueIdentifier>{d47e47b8-64dd-476b-ae15-9b64ae04194f}</UniqueIdentifier>
    </Filter>
    <Filter Include="GameEngine\InputSystem">
      <UniqueIdentifier>{a12b3c4d-5678-1234-9abc-def012345678}</UniqueIdentifier>
    </Filter>
    <Filter Include="GameEngine\GameObject">
      <UniqueIdentifier>{a12b3c4d-5678-1234-9abc-def012345679}</UniqueIdentifier>
    </Filter>
    <Filter Include="GameEngine\Camera">
      <UniqueIdentifier>{a12b3c4d-5678-1234-9abc-def012345680}</UniqueIdentifier>
    </Filter>
    <Filter Include="GameEngine\GraphicsEngine\RenderSystem">
      <UniqueIdentifier>{a12b3c4d-5678-1234-9abc-def012345681}</UniqueIdentifier>
    </Filter>
    <Filter Include="GameEngine\IMGUI">
      <UniqueIdentifier>{a12b3c4d-5678-1234-9abc-def012345682}</UniqueIdentifier>
    </Filter>
    <Filter Include="GameEngine\UI">
      <UniqueIdentifier>{4e47fd51-6d5f-463c-8292-db3a127772b9}</UniqueIdentifier>
    </Filter>
    <Filter Include="GameEngine\UI\Screens">
      <UniqueIdentifier>{4e47fd51-6d5f-463c-8292-db3a127772b0}</UniqueIdentifier>
    </Filter>
    <Filter Include="GameEngine\GraphicsEngine\ResourceManager">
      <UniqueIdentifier>{cc3d1218-3968-47cf-9eb1-1156280b818a}</UniqueIdentifier>
    </Filter>
    <Filter Include="GameEngine\GraphicsEngine\TextureManager">
      <UniqueIdentifier>{9f655cb2-b549-46e9-90ae-e4c44cb9781e}</UniqueIdentifier>
    </Filter>
    <Filter Include="GameEngine\Miscs">
      <UniqueIdentifier>{e8355eda-638d-46ac-9fe0-e20995b3627e}</UniqueIdentifier>
    </Filter>
    <Filter Include="GameEngine\Mesh">
      <UniqueIdentifier>{384832ae-e1aa-4c95-99f3-de0250dd569c}</UniqueIdentifier>
    </Filter>
    <Filter Include="GameEngine\Components">
      <UniqueIdentifier>{384832ae-e1aa-4c95-99f3-de0250dd123c}</UniqueIdentifier>
    </Filter>
  </ItemGroup>
  <ItemGroup>
    <ClCompile Include="main.cpp">
      <Filter>App</Filter>
    </ClCompile>
    <ClCompile Include="AppWindow.cpp">
      <Filter>App</Filter>
    </ClCompile>
    <ClCompile Include="Window.cpp">
      <Filter>GameEngine\WindowingSystem</Filter>
    </ClCompile>
    <ClCompile Include="GraphicsEngine.cpp">
      <Filter>GameEngine\GraphicsEngine</Filter>
    </ClCompile>
    <ClCompile Include="VertexBuffer.cpp">
      <Filter>GameEngine\GraphicsEngine\RenderSystem\VertexBuffer</Filter>
    </ClCompile>
    <ClCompile Include="DeviceContext.cpp">
      <Filter>GameEngine\GraphicsEngine\RenderSystem\DeviceContext</Filter>
    </ClCompile>
    <ClCompile Include="SwapChain.cpp">
      <Filter>GameEngine\GraphicsEngine\RenderSystem\SwapChain</Filter>
    </ClCompile>
    <ClCompile Include="VertexShader.cpp">
      <Filter>GameEngine\GraphicsEngine\RenderSystem\VertexShader</Filter>
    </ClCompile>
    <ClCompile Include="PixelShader.cpp">
      <Filter>GameEngine\GraphicsEngine\RenderSystem\PixelShader</Filter>
    </ClCompile>
    <ClCompile Include="ConstantBuffer.cpp">
      <Filter>GameEngine\GraphicsEngine\RenderSystem\ConstantBuffer</Filter>
    </ClCompile>
    <ClCompile Include="EngineTime.cpp">
      <Filter>GameEngine\GraphicsEngine</Filter>
    </ClCompile>
    <ClCompile Include="IndexBuffer.cpp">
      <Filter>GameEngine\GraphicsEngine\RenderSystem\IndexBuffer</Filter>
    </ClCompile>
    <ClCompile Include="GameObject.cpp">
      <Filter>GameEngine\GameObject</Filter>
    </ClCompile>
    <ClCompile Include="Cube.cpp">
      <Filter>GameEngine\GameObject\Primitives</Filter>
    </ClCompile>
    <ClCompile Include="Plane.cpp">
      <Filter>GameEngine\GameObject\Primitives</Filter>
    </ClCompile>
    <ClCompile Include="InputSystem.cpp">
      <Filter>GameEngine\InputSystem</Filter>
    </ClCompile>
    <ClCompile Include="Camera.cpp">
      <Filter>GameEngine\Camera</Filter>
    </ClCompile>
    <ClCompile Include="SceneCameraHandler.cpp">
      <Filter>GameEngine\Camera</Filter>
    </ClCompile>
    <ClCompile Include="RenderSystem.cpp">
      <Filter>GameEngine\GraphicsEngine\RenderSystem</Filter>
    </ClCompile>
    <ClCompile Include="Circle.cpp">
      <Filter>GameEngine\GameObject\Primitives</Filter>
    </ClCompile>
    <ClCompile Include="IMGUI\imgui.cpp">
      <Filter>GameEngine\IMGUI</Filter>
    </ClCompile>
    <ClCompile Include="IMGUI\imgui_demo.cpp">
      <Filter>GameEngine\IMGUI</Filter>
    </ClCompile>
    <ClCompile Include="IMGUI\imgui_draw.cpp">
      <Filter>GameEngine\IMGUI</Filter>
    </ClCompile>
    <ClCompile Include="IMGUI\imgui_impl_dx11.cpp">
      <Filter>GameEngine\IMGUI</Filter>
    </ClCompile>
    <ClCompile Include="IMGUI\imgui_impl_win32.cpp">
      <Filter>GameEngine\IMGUI</Filter>
    </ClCompile>
    <ClCompile Include="IMGUI\imgui_widgets.cpp">
      <Filter>GameEngine\IMGUI</Filter>
    </ClCompile>
    <ClCompile Include="UIScreen.cpp">
      <Filter>GameEngine\UI</Filter>
    </ClCompile>
    <ClCompile Include="CreditsScreen.cpp">
      <Filter>GameEngine\UI\Screens</Filter>
    </ClCompile>
    <ClCompile Include="MenuToolbar.cpp">
      <Filter>GameEngine\UI\Screens</Filter>
    </ClCompile>
    <ClCompile Include="UIManager.cpp">
      <Filter>GameEngine\UI</Filter>
    </ClCompile>
    <ClCompile Include="InspectorScreen.cpp">
      <Filter>GameEngine\UI\Screens</Filter>
    </ClCompile>
    <ClCompile Include="HierarchyScreen.cpp">
      <Filter>GameEngine\UI\Screens</Filter>
    </ClCompile>
    <ClCompile Include="GameObjectManager.cpp">
      <Filter>GameEngine\GameObject</Filter>
    </ClCompile>
    <ClCompile Include="ResourceManager.cpp">
      <Filter>GameEngine\GraphicsEngine\ResourceManager</Filter>
    </ClCompile>
    <ClCompile Include="Resource.cpp">
      <Filter>GameEngine\GraphicsEngine\ResourceManager</Filter>
    </ClCompile>
    <ClCompile Include="Texture.cpp">
      <Filter>GameEngine\GraphicsEngine\TextureManager</Filter>
    </ClCompile>
    <ClCompile Include="TextureManager.cpp">
      <Filter>GameEngine\GraphicsEngine\TextureManager</Filter>
    </ClCompile>
    <ClCompile Include="Mesh.cpp">
      <Filter>GameEngine\Mesh</Filter>
    </ClCompile>
    <ClCompile Include="MeshManager.cpp">
      <Filter>GameEngine\Mesh</Filter>
    </ClCompile>
    <ClCompile Include="Model.cpp">
      <Filter>GameEngine\Mesh</Filter>
    </ClCompile>
    <ClCompile Include="Component.cpp">
      <Filter>GameEngine\Components</Filter>
    </ClCompile>
    <ClCompile Include="MyTransform.cpp">
      <Filter>GameEngine\GameObject</Filter>
    </ClCompile>
  </ItemGroup>
  <ItemGroup>
    <ClInclude Include="AppWindow.h">
      <Filter>App</Filter>
    </ClInclude>
    <ClInclude Include="Window.h">
      <Filter>GameEngine\WindowingSystem</Filter>
    </ClInclude>
    <ClInclude Include="GraphicsEngine.h">
      <Filter>GameEngine\GraphicsEngine</Filter>
    </ClInclude>
    <ClInclude Include="VertexBuffer.h">
      <Filter>GameEngine\GraphicsEngine\RenderSystem\VertexBuffer</Filter>
    </ClInclude>
    <ClInclude Include="DeviceContext.h">
      <Filter>GameEngine\GraphicsEngine\RenderSystem\DeviceContext</Filter>
    </ClInclude>
    <ClInclude Include="SwapChain.h">
      <Filter>GameEngine\GraphicsEngine\RenderSystem\SwapChain</Filter>
    </ClInclude>
    <ClInclude Include="VertexShader.h">
      <Filter>GameEngine\GraphicsEngine\RenderSystem\VertexShader</Filter>
    </ClInclude>
    <ClInclude Include="PixelShader.h">
      <Filter>GameEngine\GraphicsEngine\RenderSystem\PixelShader</Filter>
    </ClInclude>
    <ClInclude Include="ConstantBuffer.h">
      <Filter>GameEngine\GraphicsEngine\RenderSystem\ConstantBuffer</Filter>
    </ClInclude>
    <ClInclude Include="EngineTime.h">
      <Filter>GameEngine\GraphicsEngine</Filter>
    </ClInclude>
    <ClInclude Include="IndexBuffer.h">
      <Filter>GameEngine\GraphicsEngine\RenderSystem\IndexBuffer</Filter>
    </ClInclude>
    <ClInclude Include="Vector3D.h">
      <Filter>GameEngine\Math</Filter>
    </ClInclude>
    <ClInclude Include="Matrix4x4.h">
      <Filter>GameEngine\Math</Filter>
    </ClInclude>
    <ClInclude Include="GameObject.h">
      <Filter>GameEngine\GameObject</Filter>
    </ClInclude>
    <ClInclude Include="Cube.h">
      <Filter>GameEngine\GameObject\Primitives</Filter>
    </ClInclude>
    <ClInclude Include="Plane.h">
      <Filter>GameEngine\GameObject\Primitives</Filter>
    </ClInclude>
    <ClInclude Include="Point.h">
      <Filter>GameEngine\Math</Filter>
    </ClInclude>
    <ClInclude Include="InputListener.h">
      <Filter>GameEngine\InputSystem</Filter>
    </ClInclude>
    <ClInclude Include="InputSystem.h">
      <Filter>GameEngine\InputSystem</Filter>
    </ClInclude>
    <ClInclude Include="Vector4D.h">
      <Filter>GameEngine\Math</Filter>
    </ClInclude>
    <ClInclude Include="Camera.h">
      <Filter>GameEngine\Camera</Filter>
    </ClInclude>
    <ClInclude Include="SceneCameraHandler.h">
      <Filter>GameEngine\Camera</Filter>
    </ClInclude>
    <ClInclude Include="RenderSystem.h">
      <Filter>GameEngine\GraphicsEngine\RenderSystem</Filter>
    </ClInclude>
    <ClInclude Include="Prerequisites.h">
      <Filter>GameEngine\GraphicsEngine</Filter>
    </ClInclude>
    <ClInclude Include="Circle.h">
      <Filter>GameEngine\GameObject\Primitives</Filter>
    </ClInclude>
    <ClInclude Include="IMGUI\imconfig.h">
      <Filter>GameEngine\IMGUI</Filter>
    </ClInclude>
    <ClInclude Include="IMGUI\imgui.h">
      <Filter>GameEngine\IMGUI</Filter>
    </ClInclude>
    <ClInclude Include="IMGUI\imgui_impl_dx11.h">
      <Filter>GameEngine\IMGUI</Filter>
    </ClInclude>
    <ClInclude Include="IMGUI\imgui_impl_win32.h">
      <Filter>GameEngine\IMGUI</Filter>
    </ClInclude>
    <ClInclude Include="IMGUI\imgui_internal.h">
      <Filter>GameEngine\IMGUI</Filter>
    </ClInclude>
    <ClInclude Include="IMGUI\imstb_rectpack.h">
      <Filter>GameEngine\IMGUI</Filter>
    </ClInclude>
    <ClInclude Include="IMGUI\imstb_textedit.h">
      <Filter>GameEngine\IMGUI</Filter>
    </ClInclude>
    <ClInclude Include="IMGUI\imstb_truetype.h">
      <Filter>GameEngine\IMGUI</Filter>
    </ClInclude>
    <ClInclude Include="stb_image.h">
      <Filter>GameEngine\UI</Filter>
    </ClInclude>
    <ClInclude Include="UIScreen.h">
      <Filter>GameEngine\UI</Filter>
    </ClInclude>
    <ClInclude Include="UINames.h">
      <Filter>GameEngine\UI</Filter>
    </ClInclude>
    <ClInclude Include="CreditsScreen.h">
      <Filter>GameEngine\UI\Screens</Filter>
    </ClInclude>
    <ClInclude Include="MenuToolbar.h">
      <Filter>GameEngine\UI\Screens</Filter>
    </ClInclude>
    <ClInclude Include="UIManager.h">
      <Filter>GameEngine\UI</Filter>
    </ClInclude>
    <ClInclude Include="InspectorScreen.h">
      <Filter>GameEngine\UI\Screens</Filter>
    </ClInclude>
    <ClInclude Include="HierarchyScreen.h">
      <Filter>GameEngine\UI\Screens</Filter>
    </ClInclude>
    <ClInclude Include="GameObjectManager.h">
      <Filter>GameEngine\GameObject</Filter>
    </ClInclude>
    <ClInclude Include="Types.h">
      <Filter>GameEngine\GameObject</Filter>
    </ClInclude>
    <ClInclude Include="ResourceManager.h">
      <Filter>GameEngine\GraphicsEngine\ResourceManager</Filter>
    </ClInclude>
    <ClInclude Include="Resource.h">
      <Filter>GameEngine\GraphicsEngine\ResourceManager</Filter>
    </ClInclude>
    <ClInclude Include="Texture.h">
      <Filter>GameEngine\GraphicsEngine\TextureManager</Filter>
    </ClInclude>
    <ClInclude Include="TextureManager.h">
      <Filter>GameEngine\GraphicsEngine\TextureManager</Filter>
    </ClInclude>
    <ClInclude Include="Libs\DirectXTK\include\SimpleMath.h">
      <Filter>GameEngine\Miscs</Filter>
    </ClInclude>
    <ClInclude Include="Libs\DirectXTK\include\SpriteBatch.h">
      <Filter>GameEngine\Miscs</Filter>
    </ClInclude>
    <ClInclude Include="Libs\DirectXTK\include\SpriteFont.h">
      <Filter>GameEngine\Miscs</Filter>
    </ClInclude>
    <ClInclude Include="Libs\DirectXTex\include\DirectXTex.h">
      <Filter>GameEngine\Miscs</Filter>
    </ClInclude>
    <ClInclude Include="Mesh.h">
      <Filter>GameEngine\Mesh</Filter>
    </ClInclude>
    <ClInclude Include="MeshManager.h">
      <Filter>GameEngine\Mesh</Filter>
    </ClInclude>
    <ClInclude Include="Model.h">
      <Filter>GameEngine\Mesh</Filter>
    </ClInclude>
    <ClInclude Include="Libs\tinyobjloader\include\tiny_obj_loader.h">
      <Filter>GameEngine\Miscs</Filter>
    </ClInclude>
    <ClInclude Include="Vector2D.h">
      <Filter>GameEngine\Math</Filter>
    </ClInclude>
    <ClInclude Include="VertexMesh.h">
      <Filter>GameEngine\Mesh</Filter>
    </ClInclude>
    <ClInclude Include="Constant.h">
      <Filter>GameEngine\Math</Filter>
    </ClInclude>
    <ClInclude Include="Component.h">
      <Filter>GameEngine\Components</Filter>
    </ClInclude>
    <ClInclude Include="MyTransform.h">
      <Filter>GameEngine\GameObject</Filter>
    </ClInclude>
  </ItemGroup>
  <ItemGroup>
    <FxCompile Include="VertexShader.hlsl">
      <Filter>App</Filter>
    </FxCompile>
    <FxCompile Include="PixelShader.hlsl">
      <Filter>App</Filter>
    </FxCompile>
    <FxCompile Include="VertexMeshLayoutShader.hlsl">
      <Filter>App</Filter>
    </FxCompile>
  </ItemGroup>
  <ItemGroup>
    <None Include="Libs\DirectXTK\include\SimpleMath.inl">
      <Filter>GameEngine\Miscs</Filter>
    </None>
    <None Include="Libs\DirectXTex\include\DirectXTex.inl">
      <Filter>GameEngine\Miscs</Filter>
    </None>
    <None Include="IMGUI\imgui.ini">
      <Filter>GameEngine\Miscs</Filter>
    </None>
  </ItemGroup>
</Project>